// !$*UTF8*$!
{
	archiveVersion = 1;
	classes = {
	};
	objectVersion = 56;
	objects = {

/* Begin PBXBuildFile section */
		BE028FC12C0D360000B81352 /* iOS_MedManagerApp.swift in Sources */ = {isa = PBXBuildFile; fileRef = BE028FC02C0D360000B81352 /* iOS_MedManagerApp.swift */; };
		BE028FC32C0D360000B81352 /* ContentView.swift in Sources */ = {isa = PBXBuildFile; fileRef = BE028FC22C0D360000B81352 /* ContentView.swift */; };
		BE028FC52C0D360100B81352 /* Assets.xcassets in Resources */ = {isa = PBXBuildFile; fileRef = BE028FC42C0D360100B81352 /* Assets.xcassets */; };
		BE028FC82C0D360100B81352 /* Preview Assets.xcassets in Resources */ = {isa = PBXBuildFile; fileRef = BE028FC72C0D360100B81352 /* Preview Assets.xcassets */; };
		D60E26FA2C0D547D00DA29B2 /* MainView.swift in Sources */ = {isa = PBXBuildFile; fileRef = D60E26F92C0D547D00DA29B2 /* MainView.swift */; };
		D60E27072C0DA18100DA29B2 /* HomeRowView.swift in Sources */ = {isa = PBXBuildFile; fileRef = D60E27062C0DA18100DA29B2 /* HomeRowView.swift */; };
		D60E27092C0DA1CA00DA29B2 /* HomeMainView.swift in Sources */ = {isa = PBXBuildFile; fileRef = D60E27082C0DA1CA00DA29B2 /* HomeMainView.swift */; };
		D60E270F2C0DB2F400DA29B2 /* CalenderModel.swift in Sources */ = {isa = PBXBuildFile; fileRef = D60E270E2C0DB2F400DA29B2 /* CalenderModel.swift */; };
		D60E27112C0DB49C00DA29B2 /* CalenderView.swift in Sources */ = {isa = PBXBuildFile; fileRef = D60E27102C0DB49C00DA29B2 /* CalenderView.swift */; };
		D60E27152C0DE9D900DA29B2 /* CustomCalenderView.swift in Sources */ = {isa = PBXBuildFile; fileRef = D60E27142C0DE9D900DA29B2 /* CustomCalenderView.swift */; };
		D60E27172C0FED4A00DA29B2 /* PillAddView.swift in Sources */ = {isa = PBXBuildFile; fileRef = D60E27162C0FED4A00DA29B2 /* PillAddView.swift */; };
		D60E271C2C1003DD00DA29B2 /* FSCalendar in Frameworks */ = {isa = PBXBuildFile; productRef = D60E271B2C1003DD00DA29B2 /* FSCalendar */; };
		D60E271E2C1004AE00DA29B2 /* SelectCalenderView.swift in Sources */ = {isa = PBXBuildFile; fileRef = D60E271D2C1004AE00DA29B2 /* SelectCalenderView.swift */; };
		D60E27202C1040E000DA29B2 /* PillReceiptView.swift in Sources */ = {isa = PBXBuildFile; fileRef = D60E271F2C1040E000DA29B2 /* PillReceiptView.swift */; };
		D60E27222C104EAE00DA29B2 /* LoginView.swift in Sources */ = {isa = PBXBuildFile; fileRef = D60E27212C104EAE00DA29B2 /* LoginView.swift */; };
		D60E27242C1052CF00DA29B2 /* RegisterView.swift in Sources */ = {isa = PBXBuildFile; fileRef = D60E27232C1052CF00DA29B2 /* RegisterView.swift */; };
		D60E27282C10671100DA29B2 /* UserInfoView.swift in Sources */ = {isa = PBXBuildFile; fileRef = D60E27272C10671100DA29B2 /* UserInfoView.swift */; };
/* End PBXBuildFile section */

/* Begin PBXFileReference section */
		BE028FBD2C0D360000B81352 /* iOS-MedManager.app */ = {isa = PBXFileReference; explicitFileType = wrapper.application; includeInIndex = 0; path = "iOS-MedManager.app"; sourceTree = BUILT_PRODUCTS_DIR; };
		BE028FC02C0D360000B81352 /* iOS_MedManagerApp.swift */ = {isa = PBXFileReference; lastKnownFileType = sourcecode.swift; path = iOS_MedManagerApp.swift; sourceTree = "<group>"; };
		BE028FC22C0D360000B81352 /* ContentView.swift */ = {isa = PBXFileReference; lastKnownFileType = sourcecode.swift; path = ContentView.swift; sourceTree = "<group>"; };
		BE028FC42C0D360100B81352 /* Assets.xcassets */ = {isa = PBXFileReference; lastKnownFileType = folder.assetcatalog; path = Assets.xcassets; sourceTree = "<group>"; };
		BE028FC72C0D360100B81352 /* Preview Assets.xcassets */ = {isa = PBXFileReference; lastKnownFileType = folder.assetcatalog; path = "Preview Assets.xcassets"; sourceTree = "<group>"; };
		D60E26F92C0D547D00DA29B2 /* MainView.swift */ = {isa = PBXFileReference; lastKnownFileType = sourcecode.swift; path = MainView.swift; sourceTree = "<group>"; };
		D60E27062C0DA18100DA29B2 /* HomeRowView.swift */ = {isa = PBXFileReference; lastKnownFileType = sourcecode.swift; path = HomeRowView.swift; sourceTree = "<group>"; };
		D60E27082C0DA1CA00DA29B2 /* HomeMainView.swift */ = {isa = PBXFileReference; lastKnownFileType = sourcecode.swift; path = HomeMainView.swift; sourceTree = "<group>"; };
		D60E270E2C0DB2F400DA29B2 /* CalenderModel.swift */ = {isa = PBXFileReference; lastKnownFileType = sourcecode.swift; path = CalenderModel.swift; sourceTree = "<group>"; };
		D60E27102C0DB49C00DA29B2 /* CalenderView.swift */ = {isa = PBXFileReference; lastKnownFileType = sourcecode.swift; path = CalenderView.swift; sourceTree = "<group>"; };
		D60E27142C0DE9D900DA29B2 /* CustomCalenderView.swift */ = {isa = PBXFileReference; lastKnownFileType = sourcecode.swift; path = CustomCalenderView.swift; sourceTree = "<group>"; };
		D60E27162C0FED4A00DA29B2 /* PillAddView.swift */ = {isa = PBXFileReference; lastKnownFileType = sourcecode.swift; path = PillAddView.swift; sourceTree = "<group>"; };
		D60E271D2C1004AE00DA29B2 /* SelectCalenderView.swift */ = {isa = PBXFileReference; lastKnownFileType = sourcecode.swift; path = SelectCalenderView.swift; sourceTree = "<group>"; };
		D60E271F2C1040E000DA29B2 /* PillReceiptView.swift */ = {isa = PBXFileReference; lastKnownFileType = sourcecode.swift; path = PillReceiptView.swift; sourceTree = "<group>"; };
		D60E27212C104EAE00DA29B2 /* LoginView.swift */ = {isa = PBXFileReference; lastKnownFileType = sourcecode.swift; path = LoginView.swift; sourceTree = "<group>"; };
		D60E27232C1052CF00DA29B2 /* RegisterView.swift */ = {isa = PBXFileReference; lastKnownFileType = sourcecode.swift; path = RegisterView.swift; sourceTree = "<group>"; };
		D60E27272C10671100DA29B2 /* UserInfoView.swift */ = {isa = PBXFileReference; lastKnownFileType = sourcecode.swift; path = UserInfoView.swift; sourceTree = "<group>"; };
/* End PBXFileReference section */

/* Begin PBXFrameworksBuildPhase section */
		BE028FBA2C0D360000B81352 /* Frameworks */ = {
			isa = PBXFrameworksBuildPhase;
			buildActionMask = 2147483647;
			files = (
				D60E271C2C1003DD00DA29B2 /* FSCalendar in Frameworks */,
			);
			runOnlyForDeploymentPostprocessing = 0;
		};
/* End PBXFrameworksBuildPhase section */

/* Begin PBXGroup section */
		BE028FB42C0D360000B81352 = {
			isa = PBXGroup;
			children = (
				BE028FBF2C0D360000B81352 /* iOS-MedManager */,
				BE028FBE2C0D360000B81352 /* Products */,
			);
			sourceTree = "<group>";
		};
		BE028FBE2C0D360000B81352 /* Products */ = {
			isa = PBXGroup;
			children = (
				BE028FBD2C0D360000B81352 /* iOS-MedManager.app */,
			);
			name = Products;
			sourceTree = "<group>";
		};
		BE028FBF2C0D360000B81352 /* iOS-MedManager */ = {
			isa = PBXGroup;
			children = (
				BE028FC02C0D360000B81352 /* iOS_MedManagerApp.swift */,
				BE028FC22C0D360000B81352 /* ContentView.swift */,
				BE028FCE2C0D362C00B81352 /* Global */,
				BE028FD22C0D369700B81352 /* Network */,
				BE028FD02C0D364000B81352 /* ViewModels */,
				BE028FCF2C0D363800B81352 /* Models */,
				BE028FD12C0D367300B81352 /* Views */,
				BE028FC42C0D360100B81352 /* Assets.xcassets */,
				BE028FC62C0D360100B81352 /* Preview Content */,
			);
			path = "iOS-MedManager";
			sourceTree = "<group>";
		};
		BE028FC62C0D360100B81352 /* Preview Content */ = {
			isa = PBXGroup;
			children = (
				BE028FC72C0D360100B81352 /* Preview Assets.xcassets */,
			);
			path = "Preview Content";
			sourceTree = "<group>";
		};
		BE028FCE2C0D362C00B81352 /* Global */ = {
			isa = PBXGroup;
			children = (
			);
			path = Global;
			sourceTree = "<group>";
		};
		BE028FCF2C0D363800B81352 /* Models */ = {
			isa = PBXGroup;
			children = (
				D60E270E2C0DB2F400DA29B2 /* CalenderModel.swift */,
			);
			path = Models;
			sourceTree = "<group>";
		};
		BE028FD02C0D364000B81352 /* ViewModels */ = {
			isa = PBXGroup;
			children = (
			);
			path = ViewModels;
			sourceTree = "<group>";
		};
		BE028FD12C0D367300B81352 /* Views */ = {
			isa = PBXGroup;
			children = (
				D60E27212C104EAE00DA29B2 /* LoginView.swift */,
				D60E27232C1052CF00DA29B2 /* RegisterView.swift */,
				D60E26F92C0D547D00DA29B2 /* MainView.swift */,
				D60E27082C0DA1CA00DA29B2 /* HomeMainView.swift */,
				D60E27062C0DA18100DA29B2 /* HomeRowView.swift */,
				D60E27162C0FED4A00DA29B2 /* PillAddView.swift */,
				D60E271F2C1040E000DA29B2 /* PillReceiptView.swift */,
				D60E27102C0DB49C00DA29B2 /* CalenderView.swift */,
				D60E27142C0DE9D900DA29B2 /* CustomCalenderView.swift */,
				D60E271D2C1004AE00DA29B2 /* SelectCalenderView.swift */,
				D60E27272C10671100DA29B2 /* UserInfoView.swift */,
			);
			path = Views;
			sourceTree = "<group>";
		};
		BE028FD22C0D369700B81352 /* Network */ = {
			isa = PBXGroup;
			children = (
			);
			path = Network;
			sourceTree = "<group>";
		};
/* End PBXGroup section */

/* Begin PBXNativeTarget section */
		BE028FBC2C0D360000B81352 /* iOS-MedManager */ = {
			isa = PBXNativeTarget;
			buildConfigurationList = BE028FCB2C0D360100B81352 /* Build configuration list for PBXNativeTarget "iOS-MedManager" */;
			buildPhases = (
				BE028FB92C0D360000B81352 /* Sources */,
				BE028FBA2C0D360000B81352 /* Frameworks */,
				BE028FBB2C0D360000B81352 /* Resources */,
			);
			buildRules = (
			);
			dependencies = (
			);
			name = "iOS-MedManager";
			packageProductDependencies = (
				D60E271B2C1003DD00DA29B2 /* FSCalendar */,
			);
			productName = "iOS-MedManager";
			productReference = BE028FBD2C0D360000B81352 /* iOS-MedManager.app */;
			productType = "com.apple.product-type.application";
		};
/* End PBXNativeTarget section */

/* Begin PBXProject section */
		BE028FB52C0D360000B81352 /* Project object */ = {
			isa = PBXProject;
			attributes = {
				BuildIndependentTargetsInParallel = 1;
				LastSwiftUpdateCheck = 1530;
				LastUpgradeCheck = 1530;
				TargetAttributes = {
					BE028FBC2C0D360000B81352 = {
						CreatedOnToolsVersion = 15.3;
					};
				};
			};
			buildConfigurationList = BE028FB82C0D360000B81352 /* Build configuration list for PBXProject "iOS-MedManager" */;
			compatibilityVersion = "Xcode 14.0";
			developmentRegion = en;
			hasScannedForEncodings = 0;
			knownRegions = (
				en,
				Base,
			);
			mainGroup = BE028FB42C0D360000B81352;
			packageReferences = (
				D60E271A2C1003DD00DA29B2 /* XCRemoteSwiftPackageReference "FSCalendar" */,
			);
			productRefGroup = BE028FBE2C0D360000B81352 /* Products */;
			projectDirPath = "";
			projectRoot = "";
			targets = (
				BE028FBC2C0D360000B81352 /* iOS-MedManager */,
			);
		};
/* End PBXProject section */

/* Begin PBXResourcesBuildPhase section */
		BE028FBB2C0D360000B81352 /* Resources */ = {
			isa = PBXResourcesBuildPhase;
			buildActionMask = 2147483647;
			files = (
				BE028FC82C0D360100B81352 /* Preview Assets.xcassets in Resources */,
				BE028FC52C0D360100B81352 /* Assets.xcassets in Resources */,
			);
			runOnlyForDeploymentPostprocessing = 0;
		};
/* End PBXResourcesBuildPhase section */

/* Begin PBXSourcesBuildPhase section */
		BE028FB92C0D360000B81352 /* Sources */ = {
			isa = PBXSourcesBuildPhase;
			buildActionMask = 2147483647;
			files = (
				D60E271E2C1004AE00DA29B2 /* SelectCalenderView.swift in Sources */,
				D60E270F2C0DB2F400DA29B2 /* CalenderModel.swift in Sources */,
				D60E27242C1052CF00DA29B2 /* RegisterView.swift in Sources */,
				D60E27092C0DA1CA00DA29B2 /* HomeMainView.swift in Sources */,
				BE028FC32C0D360000B81352 /* ContentView.swift in Sources */,
				D60E27112C0DB49C00DA29B2 /* CalenderView.swift in Sources */,
				D60E27202C1040E000DA29B2 /* PillReceiptView.swift in Sources */,
				D60E27222C104EAE00DA29B2 /* LoginView.swift in Sources */,
				D60E27072C0DA18100DA29B2 /* HomeRowView.swift in Sources */,
				D60E27282C10671100DA29B2 /* UserInfoView.swift in Sources */,
				D60E26FA2C0D547D00DA29B2 /* MainView.swift in Sources */,
				BE028FC12C0D360000B81352 /* iOS_MedManagerApp.swift in Sources */,
				D60E27152C0DE9D900DA29B2 /* CustomCalenderView.swift in Sources */,
				D60E27172C0FED4A00DA29B2 /* PillAddView.swift in Sources */,
			);
			runOnlyForDeploymentPostprocessing = 0;
		};
/* End PBXSourcesBuildPhase section */

/* Begin XCBuildConfiguration section */
		BE028FC92C0D360100B81352 /* Debug */ = {
			isa = XCBuildConfiguration;
			buildSettings = {
				ALWAYS_SEARCH_USER_PATHS = NO;
				ASSETCATALOG_COMPILER_GENERATE_SWIFT_ASSET_SYMBOL_EXTENSIONS = YES;
				CLANG_ANALYZER_NONNULL = YES;
				CLANG_ANALYZER_NUMBER_OBJECT_CONVERSION = YES_AGGRESSIVE;
				CLANG_CXX_LANGUAGE_STANDARD = "gnu++20";
				CLANG_ENABLE_MODULES = YES;
				CLANG_ENABLE_OBJC_ARC = YES;
				CLANG_ENABLE_OBJC_WEAK = YES;
				CLANG_WARN_BLOCK_CAPTURE_AUTORELEASING = YES;
				CLANG_WARN_BOOL_CONVERSION = YES;
				CLANG_WARN_COMMA = YES;
				CLANG_WARN_CONSTANT_CONVERSION = YES;
				CLANG_WARN_DEPRECATED_OBJC_IMPLEMENTATIONS = YES;
				CLANG_WARN_DIRECT_OBJC_ISA_USAGE = YES_ERROR;
				CLANG_WARN_DOCUMENTATION_COMMENTS = YES;
				CLANG_WARN_EMPTY_BODY = YES;
				CLANG_WARN_ENUM_CONVERSION = YES;
				CLANG_WARN_INFINITE_RECURSION = YES;
				CLANG_WARN_INT_CONVERSION = YES;
				CLANG_WARN_NON_LITERAL_NULL_CONVERSION = YES;
				CLANG_WARN_OBJC_IMPLICIT_RETAIN_SELF = YES;
				CLANG_WARN_OBJC_LITERAL_CONVERSION = YES;
				CLANG_WARN_OBJC_ROOT_CLASS = YES_ERROR;
				CLANG_WARN_QUOTED_INCLUDE_IN_FRAMEWORK_HEADER = YES;
				CLANG_WARN_RANGE_LOOP_ANALYSIS = YES;
				CLANG_WARN_STRICT_PROTOTYPES = YES;
				CLANG_WARN_SUSPICIOUS_MOVE = YES;
				CLANG_WARN_UNGUARDED_AVAILABILITY = YES_AGGRESSIVE;
				CLANG_WARN_UNREACHABLE_CODE = YES;
				CLANG_WARN__DUPLICATE_METHOD_MATCH = YES;
				COPY_PHASE_STRIP = NO;
				DEBUG_INFORMATION_FORMAT = dwarf;
				ENABLE_STRICT_OBJC_MSGSEND = YES;
				ENABLE_TESTABILITY = YES;
				ENABLE_USER_SCRIPT_SANDBOXING = YES;
				GCC_C_LANGUAGE_STANDARD = gnu17;
				GCC_DYNAMIC_NO_PIC = NO;
				GCC_NO_COMMON_BLOCKS = YES;
				GCC_OPTIMIZATION_LEVEL = 0;
				GCC_PREPROCESSOR_DEFINITIONS = (
					"DEBUG=1",
					"$(inherited)",
				);
				GCC_WARN_64_TO_32_BIT_CONVERSION = YES;
				GCC_WARN_ABOUT_RETURN_TYPE = YES_ERROR;
				GCC_WARN_UNDECLARED_SELECTOR = YES;
				GCC_WARN_UNINITIALIZED_AUTOS = YES_AGGRESSIVE;
				GCC_WARN_UNUSED_FUNCTION = YES;
				GCC_WARN_UNUSED_VARIABLE = YES;
				IPHONEOS_DEPLOYMENT_TARGET = 17.4;
				LOCALIZATION_PREFERS_STRING_CATALOGS = YES;
				MTL_ENABLE_DEBUG_INFO = INCLUDE_SOURCE;
				MTL_FAST_MATH = YES;
				ONLY_ACTIVE_ARCH = YES;
				SDKROOT = iphoneos;
				SWIFT_ACTIVE_COMPILATION_CONDITIONS = "DEBUG $(inherited)";
				SWIFT_OPTIMIZATION_LEVEL = "-Onone";
			};
			name = Debug;
		};
		BE028FCA2C0D360100B81352 /* Release */ = {
			isa = XCBuildConfiguration;
			buildSettings = {
				ALWAYS_SEARCH_USER_PATHS = NO;
				ASSETCATALOG_COMPILER_GENERATE_SWIFT_ASSET_SYMBOL_EXTENSIONS = YES;
				CLANG_ANALYZER_NONNULL = YES;
				CLANG_ANALYZER_NUMBER_OBJECT_CONVERSION = YES_AGGRESSIVE;
				CLANG_CXX_LANGUAGE_STANDARD = "gnu++20";
				CLANG_ENABLE_MODULES = YES;
				CLANG_ENABLE_OBJC_ARC = YES;
				CLANG_ENABLE_OBJC_WEAK = YES;
				CLANG_WARN_BLOCK_CAPTURE_AUTORELEASING = YES;
				CLANG_WARN_BOOL_CONVERSION = YES;
				CLANG_WARN_COMMA = YES;
				CLANG_WARN_CONSTANT_CONVERSION = YES;
				CLANG_WARN_DEPRECATED_OBJC_IMPLEMENTATIONS = YES;
				CLANG_WARN_DIRECT_OBJC_ISA_USAGE = YES_ERROR;
				CLANG_WARN_DOCUMENTATION_COMMENTS = YES;
				CLANG_WARN_EMPTY_BODY = YES;
				CLANG_WARN_ENUM_CONVERSION = YES;
				CLANG_WARN_INFINITE_RECURSION = YES;
				CLANG_WARN_INT_CONVERSION = YES;
				CLANG_WARN_NON_LITERAL_NULL_CONVERSION = YES;
				CLANG_WARN_OBJC_IMPLICIT_RETAIN_SELF = YES;
				CLANG_WARN_OBJC_LITERAL_CONVERSION = YES;
				CLANG_WARN_OBJC_ROOT_CLASS = YES_ERROR;
				CLANG_WARN_QUOTED_INCLUDE_IN_FRAMEWORK_HEADER = YES;
				CLANG_WARN_RANGE_LOOP_ANALYSIS = YES;
				CLANG_WARN_STRICT_PROTOTYPES = YES;
				CLANG_WARN_SUSPICIOUS_MOVE = YES;
				CLANG_WARN_UNGUARDED_AVAILABILITY = YES_AGGRESSIVE;
				CLANG_WARN_UNREACHABLE_CODE = YES;
				CLANG_WARN__DUPLICATE_METHOD_MATCH = YES;
				COPY_PHASE_STRIP = NO;
				DEBUG_INFORMATION_FORMAT = "dwarf-with-dsym";
				ENABLE_NS_ASSERTIONS = NO;
				ENABLE_STRICT_OBJC_MSGSEND = YES;
				ENABLE_USER_SCRIPT_SANDBOXING = YES;
				GCC_C_LANGUAGE_STANDARD = gnu17;
				GCC_NO_COMMON_BLOCKS = YES;
				GCC_WARN_64_TO_32_BIT_CONVERSION = YES;
				GCC_WARN_ABOUT_RETURN_TYPE = YES_ERROR;
				GCC_WARN_UNDECLARED_SELECTOR = YES;
				GCC_WARN_UNINITIALIZED_AUTOS = YES_AGGRESSIVE;
				GCC_WARN_UNUSED_FUNCTION = YES;
				GCC_WARN_UNUSED_VARIABLE = YES;
				IPHONEOS_DEPLOYMENT_TARGET = 17.4;
				LOCALIZATION_PREFERS_STRING_CATALOGS = YES;
				MTL_ENABLE_DEBUG_INFO = NO;
				MTL_FAST_MATH = YES;
				SDKROOT = iphoneos;
				SWIFT_COMPILATION_MODE = wholemodule;
				VALIDATE_PRODUCT = YES;
			};
			name = Release;
		};
		BE028FCC2C0D360100B81352 /* Debug */ = {
			isa = XCBuildConfiguration;
			buildSettings = {
				ASSETCATALOG_COMPILER_APPICON_NAME = AppIcon;
				ASSETCATALOG_COMPILER_GLOBAL_ACCENT_COLOR_NAME = AccentColor;
				CODE_SIGN_STYLE = Automatic;
				CURRENT_PROJECT_VERSION = 1;
				DEVELOPMENT_ASSET_PATHS = "\"iOS-MedManager/Preview Content\"";
				ENABLE_PREVIEWS = YES;
				GENERATE_INFOPLIST_FILE = YES;
				INFOPLIST_KEY_UIApplicationSceneManifest_Generation = YES;
				INFOPLIST_KEY_UIApplicationSupportsIndirectInputEvents = YES;
				INFOPLIST_KEY_UILaunchScreen_Generation = YES;
				INFOPLIST_KEY_UISupportedInterfaceOrientations_iPad = "UIInterfaceOrientationPortrait UIInterfaceOrientationPortraitUpsideDown UIInterfaceOrientationLandscapeLeft UIInterfaceOrientationLandscapeRight";
				INFOPLIST_KEY_UISupportedInterfaceOrientations_iPhone = "UIInterfaceOrientationPortrait UIInterfaceOrientationLandscapeLeft UIInterfaceOrientationLandscapeRight";
				LD_RUNPATH_SEARCH_PATHS = (
					"$(inherited)",
					"@executable_path/Frameworks",
				);
				MARKETING_VERSION = 1.0;
				PRODUCT_BUNDLE_IDENTIFIER = "sion.iOS-MedManager";
				PRODUCT_NAME = "$(TARGET_NAME)";
				SWIFT_EMIT_LOC_STRINGS = YES;
				SWIFT_VERSION = 5.0;
				TARGETED_DEVICE_FAMILY = "1,2";
			};
			name = Debug;
		};
		BE028FCD2C0D360100B81352 /* Release */ = {
			isa = XCBuildConfiguration;
			buildSettings = {
				ASSETCATALOG_COMPILER_APPICON_NAME = AppIcon;
				ASSETCATALOG_COMPILER_GLOBAL_ACCENT_COLOR_NAME = AccentColor;
				CODE_SIGN_STYLE = Automatic;
				CURRENT_PROJECT_VERSION = 1;
				DEVELOPMENT_ASSET_PATHS = "\"iOS-MedManager/Preview Content\"";
				ENABLE_PREVIEWS = YES;
				GENERATE_INFOPLIST_FILE = YES;
				INFOPLIST_KEY_UIApplicationSceneManifest_Generation = YES;
				INFOPLIST_KEY_UIApplicationSupportsIndirectInputEvents = YES;
				INFOPLIST_KEY_UILaunchScreen_Generation = YES;
				INFOPLIST_KEY_UISupportedInterfaceOrientations_iPad = "UIInterfaceOrientationPortrait UIInterfaceOrientationPortraitUpsideDown UIInterfaceOrientationLandscapeLeft UIInterfaceOrientationLandscapeRight";
				INFOPLIST_KEY_UISupportedInterfaceOrientations_iPhone = "UIInterfaceOrientationPortrait UIInterfaceOrientationLandscapeLeft UIInterfaceOrientationLandscapeRight";
				LD_RUNPATH_SEARCH_PATHS = (
					"$(inherited)",
					"@executable_path/Frameworks",
				);
				MARKETING_VERSION = 1.0;
				PRODUCT_BUNDLE_IDENTIFIER = "sion.iOS-MedManager";
				PRODUCT_NAME = "$(TARGET_NAME)";
				SWIFT_EMIT_LOC_STRINGS = YES;
				SWIFT_VERSION = 5.0;
				TARGETED_DEVICE_FAMILY = "1,2";
			};
			name = Release;
		};
/* End XCBuildConfiguration section */

/* Begin XCConfigurationList section */
		BE028FB82C0D360000B81352 /* Build configuration list for PBXProject "iOS-MedManager" */ = {
			isa = XCConfigurationList;
			buildConfigurations = (
				BE028FC92C0D360100B81352 /* Debug */,
				BE028FCA2C0D360100B81352 /* Release */,
			);
			defaultConfigurationIsVisible = 0;
			defaultConfigurationName = Release;
		};
		BE028FCB2C0D360100B81352 /* Build configuration list for PBXNativeTarget "iOS-MedManager" */ = {
			isa = XCConfigurationList;
			buildConfigurations = (
				BE028FCC2C0D360100B81352 /* Debug */,
				BE028FCD2C0D360100B81352 /* Release */,
			);
			defaultConfigurationIsVisible = 0;
			defaultConfigurationName = Release;
		};
/* End XCConfigurationList section */

/* Begin XCRemoteSwiftPackageReference section */
		D60E271A2C1003DD00DA29B2 /* XCRemoteSwiftPackageReference "FSCalendar" */ = {
			isa = XCRemoteSwiftPackageReference;
			repositoryURL = "https://github.com/WenchaoD/FSCalendar.git";
			requirement = {
				kind = upToNextMajorVersion;
				minimumVersion = 2.8.4;
			};
		};
/* End XCRemoteSwiftPackageReference section */

/* Begin XCSwiftPackageProductDependency section */
		D60E271B2C1003DD00DA29B2 /* FSCalendar */ = {
			isa = XCSwiftPackageProductDependency;
			package = D60E271A2C1003DD00DA29B2 /* XCRemoteSwiftPackageReference "FSCalendar" */;
			productName = FSCalendar;
		};
/* End XCSwiftPackageProductDependency section */
	};
	rootObject = BE028FB52C0D360000B81352 /* Project object */;
}
