// !$*UTF8*$!
{
	archiveVersion = 1;
	classes = {
	};
	objectVersion = 56;
	objects = {

/* Begin PBXBuildFile section */
		BE028FC12C0D360000B81352 /* iOS_MedManagerApp.swift in Sources */ = {isa = PBXBuildFile; fileRef = BE028FC02C0D360000B81352 /* iOS_MedManagerApp.swift */; };
		BE028FC32C0D360000B81352 /* ContentView.swift in Sources */ = {isa = PBXBuildFile; fileRef = BE028FC22C0D360000B81352 /* ContentView.swift */; };
		BE028FC52C0D360100B81352 /* Assets.xcassets in Resources */ = {isa = PBXBuildFile; fileRef = BE028FC42C0D360100B81352 /* Assets.xcassets */; };
		BE028FC82C0D360100B81352 /* Preview Assets.xcassets in Resources */ = {isa = PBXBuildFile; fileRef = BE028FC72C0D360100B81352 /* Preview Assets.xcassets */; };
		BE028FD72C0D592B00B81352 /* Alamofire in Frameworks */ = {isa = PBXBuildFile; productRef = BE028FD62C0D592B00B81352 /* Alamofire */; };
		BE028FDB2C0D5CFC00B81352 /* AuthResponse.swift in Sources */ = {isa = PBXBuildFile; fileRef = BE028FDA2C0D5CFC00B81352 /* AuthResponse.swift */; };
		BE028FDD2C0EEBA000B81352 /* MedicineAPIModel.swift in Sources */ = {isa = PBXBuildFile; fileRef = BE028FDC2C0EEBA000B81352 /* MedicineAPIModel.swift */; };
		BE028FDF2C0F18DD00B81352 /* AzureAIService.swift in Sources */ = {isa = PBXBuildFile; fileRef = BE028FDE2C0F18DD00B81352 /* AzureAIService.swift */; };
		BE028FE52C0FFEF900B81352 /* AzureAIModel.swift in Sources */ = {isa = PBXBuildFile; fileRef = BE028FE42C0FFEF900B81352 /* AzureAIModel.swift */; };
		BE028FE72C0FFFB500B81352 /* AzureAIViewModel.swift in Sources */ = {isa = PBXBuildFile; fileRef = BE028FE62C0FFFB500B81352 /* AzureAIViewModel.swift */; };
		BE028FE92C10037900B81352 /* AzureAITestView.swift in Sources */ = {isa = PBXBuildFile; fileRef = BE028FE82C10037900B81352 /* AzureAITestView.swift */; };
		BE028FEB2C10054B00B81352 /* TestImage.jpeg in Resources */ = {isa = PBXBuildFile; fileRef = BE028FEA2C10054B00B81352 /* TestImage.jpeg */; };
		BE028FED2C1057E100B81352 /* ImagePicker.swift in Sources */ = {isa = PBXBuildFile; fileRef = BE028FEC2C1057E100B81352 /* ImagePicker.swift */; };
		BE4475C32C15835900ADDC59 /* AuthViewModel.swift in Sources */ = {isa = PBXBuildFile; fileRef = BE4475C22C15835900ADDC59 /* AuthViewModel.swift */; };
		BE4475C52C158A6200ADDC59 /* LoginView.swift in Sources */ = {isa = PBXBuildFile; fileRef = BE4475C42C158A6200ADDC59 /* LoginView.swift */; };
		BE4475C72C158C5100ADDC59 /* HexColor.swift in Sources */ = {isa = PBXBuildFile; fileRef = BE4475C62C158C5100ADDC59 /* HexColor.swift */; };
		BE4475C92C158D0400ADDC59 /* RegisterView.swift in Sources */ = {isa = PBXBuildFile; fileRef = BE4475C82C158D0400ADDC59 /* RegisterView.swift */; };
		BE4475CE2C1596E700ADDC59 /* AuthService.swift in Sources */ = {isa = PBXBuildFile; fileRef = BE4475CD2C1596E700ADDC59 /* AuthService.swift */; };
		BE4475D02C1598E900ADDC59 /* PrescriptionResponse.swift in Sources */ = {isa = PBXBuildFile; fileRef = BE4475CF2C1598E900ADDC59 /* PrescriptionResponse.swift */; };
		BE44761C2C16C15A00ADDC59 /* PillService.swift in Sources */ = {isa = PBXBuildFile; fileRef = BE44761B2C16C15A00ADDC59 /* PillService.swift */; };
		BE44761E2C16C34F00ADDC59 /* HomeMainView.swift in Sources */ = {isa = PBXBuildFile; fileRef = BE44761D2C16C34F00ADDC59 /* HomeMainView.swift */; };
		BE4476202C16C36B00ADDC59 /* HomeMainViewModel.swift in Sources */ = {isa = PBXBuildFile; fileRef = BE44761F2C16C36B00ADDC59 /* HomeMainViewModel.swift */; };
		BE4476222C16C37C00ADDC59 /* PillRowView.swift in Sources */ = {isa = PBXBuildFile; fileRef = BE4476212C16C37C00ADDC59 /* PillRowView.swift */; };
		BE4476242C17250D00ADDC59 /* ProgressCircleView.swift in Sources */ = {isa = PBXBuildFile; fileRef = BE4476232C17250D00ADDC59 /* ProgressCircleView.swift */; };
		BE4476262C17255100ADDC59 /* PillSectionView.swift in Sources */ = {isa = PBXBuildFile; fileRef = BE4476252C17255100ADDC59 /* PillSectionView.swift */; };
		BE4476282C1725A100ADDC59 /* AddPillButtonView.swift in Sources */ = {isa = PBXBuildFile; fileRef = BE4476272C1725A100ADDC59 /* AddPillButtonView.swift */; };
		BE44762A2C1725ED00ADDC59 /* PopupView.swift in Sources */ = {isa = PBXBuildFile; fileRef = BE4476292C1725ED00ADDC59 /* PopupView.swift */; };
		BE44762C2C17266C00ADDC59 /* HeaderView.swift in Sources */ = {isa = PBXBuildFile; fileRef = BE44762B2C17266C00ADDC59 /* HeaderView.swift */; };
		BE44762F2C17E23900ADDC59 /* DatePickerView.swift in Sources */ = {isa = PBXBuildFile; fileRef = BE44762E2C17E23900ADDC59 /* DatePickerView.swift */; };
		BE4476312C19CA6600ADDC59 /* DatePickerPopupView.swift in Sources */ = {isa = PBXBuildFile; fileRef = BE4476302C19CA6600ADDC59 /* DatePickerPopupView.swift */; };
		BE4476342C1A347C00ADDC59 /* InstructionView.swift in Sources */ = {isa = PBXBuildFile; fileRef = BE4476332C1A347C00ADDC59 /* InstructionView.swift */; };
		BE4476362C1A349A00ADDC59 /* CameraView.swift in Sources */ = {isa = PBXBuildFile; fileRef = BE4476352C1A349A00ADDC59 /* CameraView.swift */; };
		BE4476382C1A34BE00ADDC59 /* ImageReviewView.swift in Sources */ = {isa = PBXBuildFile; fileRef = BE4476372C1A34BE00ADDC59 /* ImageReviewView.swift */; };
		BE44763A2C1A34DB00ADDC59 /* LoadingView.swift in Sources */ = {isa = PBXBuildFile; fileRef = BE4476392C1A34DB00ADDC59 /* LoadingView.swift */; };
		BE44763C2C1A351200ADDC59 /* ConfirmationView.swift in Sources */ = {isa = PBXBuildFile; fileRef = BE44763B2C1A351200ADDC59 /* ConfirmationView.swift */; };
/* End PBXBuildFile section */

/* Begin PBXCopyFilesBuildPhase section */
		BE4475BE2C10861500ADDC59 /* Embed Frameworks */ = {
			isa = PBXCopyFilesBuildPhase;
			buildActionMask = 2147483647;
			dstPath = "";
			dstSubfolderSpec = 10;
			files = (
			);
			name = "Embed Frameworks";
			runOnlyForDeploymentPostprocessing = 0;
		};
/* End PBXCopyFilesBuildPhase section */

/* Begin PBXFileReference section */
		BE028FBD2C0D360000B81352 /* iOS-MedManager.app */ = {isa = PBXFileReference; explicitFileType = wrapper.application; includeInIndex = 0; path = "iOS-MedManager.app"; sourceTree = BUILT_PRODUCTS_DIR; };
		BE028FC02C0D360000B81352 /* iOS_MedManagerApp.swift */ = {isa = PBXFileReference; lastKnownFileType = sourcecode.swift; path = iOS_MedManagerApp.swift; sourceTree = "<group>"; };
		BE028FC22C0D360000B81352 /* ContentView.swift */ = {isa = PBXFileReference; lastKnownFileType = sourcecode.swift; path = ContentView.swift; sourceTree = "<group>"; };
		BE028FC42C0D360100B81352 /* Assets.xcassets */ = {isa = PBXFileReference; lastKnownFileType = folder.assetcatalog; path = Assets.xcassets; sourceTree = "<group>"; };
		BE028FC72C0D360100B81352 /* Preview Assets.xcassets */ = {isa = PBXFileReference; lastKnownFileType = folder.assetcatalog; path = "Preview Assets.xcassets"; sourceTree = "<group>"; };
		BE028FDA2C0D5CFC00B81352 /* AuthResponse.swift */ = {isa = PBXFileReference; lastKnownFileType = sourcecode.swift; path = AuthResponse.swift; sourceTree = "<group>"; };
		BE028FDC2C0EEBA000B81352 /* MedicineAPIModel.swift */ = {isa = PBXFileReference; lastKnownFileType = sourcecode.swift; path = MedicineAPIModel.swift; sourceTree = "<group>"; };
		BE028FDE2C0F18DD00B81352 /* AzureAIService.swift */ = {isa = PBXFileReference; lastKnownFileType = sourcecode.swift; path = AzureAIService.swift; sourceTree = "<group>"; };
		BE028FE42C0FFEF900B81352 /* AzureAIModel.swift */ = {isa = PBXFileReference; lastKnownFileType = sourcecode.swift; path = AzureAIModel.swift; sourceTree = "<group>"; };
		BE028FE62C0FFFB500B81352 /* AzureAIViewModel.swift */ = {isa = PBXFileReference; lastKnownFileType = sourcecode.swift; path = AzureAIViewModel.swift; sourceTree = "<group>"; };
		BE028FE82C10037900B81352 /* AzureAITestView.swift */ = {isa = PBXFileReference; lastKnownFileType = sourcecode.swift; path = AzureAITestView.swift; sourceTree = "<group>"; };
		BE028FEA2C10054B00B81352 /* TestImage.jpeg */ = {isa = PBXFileReference; lastKnownFileType = image.jpeg; path = TestImage.jpeg; sourceTree = "<group>"; };
		BE028FEC2C1057E100B81352 /* ImagePicker.swift */ = {isa = PBXFileReference; lastKnownFileType = sourcecode.swift; path = ImagePicker.swift; sourceTree = "<group>"; };
		BE4475C12C108AEF00ADDC59 /* Info.plist */ = {isa = PBXFileReference; lastKnownFileType = text.plist; path = Info.plist; sourceTree = "<group>"; };
		BE4475C22C15835900ADDC59 /* AuthViewModel.swift */ = {isa = PBXFileReference; lastKnownFileType = sourcecode.swift; path = AuthViewModel.swift; sourceTree = "<group>"; };
		BE4475C42C158A6200ADDC59 /* LoginView.swift */ = {isa = PBXFileReference; lastKnownFileType = sourcecode.swift; path = LoginView.swift; sourceTree = "<group>"; };
		BE4475C62C158C5100ADDC59 /* HexColor.swift */ = {isa = PBXFileReference; lastKnownFileType = sourcecode.swift; path = HexColor.swift; sourceTree = "<group>"; };
		BE4475C82C158D0400ADDC59 /* RegisterView.swift */ = {isa = PBXFileReference; lastKnownFileType = sourcecode.swift; path = RegisterView.swift; sourceTree = "<group>"; };
		BE4475CD2C1596E700ADDC59 /* AuthService.swift */ = {isa = PBXFileReference; lastKnownFileType = sourcecode.swift; path = AuthService.swift; sourceTree = "<group>"; };
		BE4475CF2C1598E900ADDC59 /* PrescriptionResponse.swift */ = {isa = PBXFileReference; lastKnownFileType = sourcecode.swift; path = PrescriptionResponse.swift; sourceTree = "<group>"; };
		BE44761B2C16C15A00ADDC59 /* PillService.swift */ = {isa = PBXFileReference; lastKnownFileType = sourcecode.swift; path = PillService.swift; sourceTree = "<group>"; };
		BE44761D2C16C34F00ADDC59 /* HomeMainView.swift */ = {isa = PBXFileReference; lastKnownFileType = sourcecode.swift; path = HomeMainView.swift; sourceTree = "<group>"; };
		BE44761F2C16C36B00ADDC59 /* HomeMainViewModel.swift */ = {isa = PBXFileReference; lastKnownFileType = sourcecode.swift; path = HomeMainViewModel.swift; sourceTree = "<group>"; };
		BE4476212C16C37C00ADDC59 /* PillRowView.swift */ = {isa = PBXFileReference; lastKnownFileType = sourcecode.swift; path = PillRowView.swift; sourceTree = "<group>"; };
		BE4476232C17250D00ADDC59 /* ProgressCircleView.swift */ = {isa = PBXFileReference; lastKnownFileType = sourcecode.swift; path = ProgressCircleView.swift; sourceTree = "<group>"; };
		BE4476252C17255100ADDC59 /* PillSectionView.swift */ = {isa = PBXFileReference; lastKnownFileType = sourcecode.swift; path = PillSectionView.swift; sourceTree = "<group>"; };
		BE4476272C1725A100ADDC59 /* AddPillButtonView.swift */ = {isa = PBXFileReference; lastKnownFileType = sourcecode.swift; path = AddPillButtonView.swift; sourceTree = "<group>"; };
		BE4476292C1725ED00ADDC59 /* PopupView.swift */ = {isa = PBXFileReference; lastKnownFileType = sourcecode.swift; path = PopupView.swift; sourceTree = "<group>"; };
		BE44762B2C17266C00ADDC59 /* HeaderView.swift */ = {isa = PBXFileReference; lastKnownFileType = sourcecode.swift; path = HeaderView.swift; sourceTree = "<group>"; };
		BE44762E2C17E23900ADDC59 /* DatePickerView.swift */ = {isa = PBXFileReference; lastKnownFileType = sourcecode.swift; path = DatePickerView.swift; sourceTree = "<group>"; };
		BE4476302C19CA6600ADDC59 /* DatePickerPopupView.swift */ = {isa = PBXFileReference; lastKnownFileType = sourcecode.swift; path = DatePickerPopupView.swift; sourceTree = "<group>"; };
		BE4476332C1A347C00ADDC59 /* InstructionView.swift */ = {isa = PBXFileReference; lastKnownFileType = sourcecode.swift; path = InstructionView.swift; sourceTree = "<group>"; };
		BE4476352C1A349A00ADDC59 /* CameraView.swift */ = {isa = PBXFileReference; lastKnownFileType = sourcecode.swift; path = CameraView.swift; sourceTree = "<group>"; };
		BE4476372C1A34BE00ADDC59 /* ImageReviewView.swift */ = {isa = PBXFileReference; lastKnownFileType = sourcecode.swift; path = ImageReviewView.swift; sourceTree = "<group>"; };
		BE4476392C1A34DB00ADDC59 /* LoadingView.swift */ = {isa = PBXFileReference; lastKnownFileType = sourcecode.swift; path = LoadingView.swift; sourceTree = "<group>"; };
		BE44763B2C1A351200ADDC59 /* ConfirmationView.swift */ = {isa = PBXFileReference; lastKnownFileType = sourcecode.swift; path = ConfirmationView.swift; sourceTree = "<group>"; };
/* End PBXFileReference section */

/* Begin PBXFrameworksBuildPhase section */
		BE028FBA2C0D360000B81352 /* Frameworks */ = {
			isa = PBXFrameworksBuildPhase;
			buildActionMask = 2147483647;
			files = (
				BE028FD72C0D592B00B81352 /* Alamofire in Frameworks */,
			);
			runOnlyForDeploymentPostprocessing = 0;
		};
/* End PBXFrameworksBuildPhase section */

/* Begin PBXGroup section */
		BE028FB42C0D360000B81352 = {
			isa = PBXGroup;
			children = (
				BE028FEA2C10054B00B81352 /* TestImage.jpeg */,
				BE028FBF2C0D360000B81352 /* iOS-MedManager */,
				BE028FBE2C0D360000B81352 /* Products */,
			);
			sourceTree = "<group>";
		};
		BE028FBE2C0D360000B81352 /* Products */ = {
			isa = PBXGroup;
			children = (
				BE028FBD2C0D360000B81352 /* iOS-MedManager.app */,
			);
			name = Products;
			sourceTree = "<group>";
		};
		BE028FBF2C0D360000B81352 /* iOS-MedManager */ = {
			isa = PBXGroup;
			children = (
				BE4475C12C108AEF00ADDC59 /* Info.plist */,
				BE028FC02C0D360000B81352 /* iOS_MedManagerApp.swift */,
				BE028FC22C0D360000B81352 /* ContentView.swift */,
				BE028FCE2C0D362C00B81352 /* Global */,
				BE028FD22C0D369700B81352 /* Network */,
				BE028FD02C0D364000B81352 /* ViewModels */,
				BE028FCF2C0D363800B81352 /* Models */,
				BE028FD12C0D367300B81352 /* Views */,
				BE028FC42C0D360100B81352 /* Assets.xcassets */,
				BE028FC62C0D360100B81352 /* Preview Content */,
			);
			path = "iOS-MedManager";
			sourceTree = "<group>";
		};
		BE028FC62C0D360100B81352 /* Preview Content */ = {
			isa = PBXGroup;
			children = (
				BE028FC72C0D360100B81352 /* Preview Assets.xcassets */,
			);
			path = "Preview Content";
			sourceTree = "<group>";
		};
		BE028FCE2C0D362C00B81352 /* Global */ = {
			isa = PBXGroup;
			children = (
				BE028FEC2C1057E100B81352 /* ImagePicker.swift */,
				BE4475C62C158C5100ADDC59 /* HexColor.swift */,
			);
			path = Global;
			sourceTree = "<group>";
		};
		BE028FCF2C0D363800B81352 /* Models */ = {
			isa = PBXGroup;
			children = (
				BE028FDA2C0D5CFC00B81352 /* AuthResponse.swift */,
				BE4475CF2C1598E900ADDC59 /* PrescriptionResponse.swift */,
				BE028FDC2C0EEBA000B81352 /* MedicineAPIModel.swift */,
				BE028FE42C0FFEF900B81352 /* AzureAIModel.swift */,
			);
			path = Models;
			sourceTree = "<group>";
		};
		BE028FD02C0D364000B81352 /* ViewModels */ = {
			isa = PBXGroup;
			children = (
				BE4475C22C15835900ADDC59 /* AuthViewModel.swift */,
				BE028FE62C0FFFB500B81352 /* AzureAIViewModel.swift */,
				BE44761F2C16C36B00ADDC59 /* HomeMainViewModel.swift */,
			);
			path = ViewModels;
			sourceTree = "<group>";
		};
		BE028FD12C0D367300B81352 /* Views */ = {
			isa = PBXGroup;
			children = (
				BE4476322C1A344B00ADDC59 /* AzureAIViews */,
				BE44762D2C17268600ADDC59 /* HomeViews */,
				BE4475CA2C158D7300ADDC59 /* AuthViews */,
				BE028FE82C10037900B81352 /* AzureAITestView.swift */,
				BE44762E2C17E23900ADDC59 /* DatePickerView.swift */,
				BE4476302C19CA6600ADDC59 /* DatePickerPopupView.swift */,
			);
			path = Views;
			sourceTree = "<group>";
		};
		BE028FD22C0D369700B81352 /* Network */ = {
			isa = PBXGroup;
			children = (
				BE028FDE2C0F18DD00B81352 /* AzureAIService.swift */,
				BE4475CD2C1596E700ADDC59 /* AuthService.swift */,
				BE44761B2C16C15A00ADDC59 /* PillService.swift */,
			);
			path = Network;
			sourceTree = "<group>";
		};
		BE4475CA2C158D7300ADDC59 /* AuthViews */ = {
			isa = PBXGroup;
			children = (
				BE4475C42C158A6200ADDC59 /* LoginView.swift */,
				BE4475C82C158D0400ADDC59 /* RegisterView.swift */,
			);
			path = AuthViews;
			sourceTree = "<group>";
		};
		BE44762D2C17268600ADDC59 /* HomeViews */ = {
			isa = PBXGroup;
			children = (
				BE44761D2C16C34F00ADDC59 /* HomeMainView.swift */,
				BE4476212C16C37C00ADDC59 /* PillRowView.swift */,
				BE4476232C17250D00ADDC59 /* ProgressCircleView.swift */,
				BE4476252C17255100ADDC59 /* PillSectionView.swift */,
				BE4476272C1725A100ADDC59 /* AddPillButtonView.swift */,
				BE4476292C1725ED00ADDC59 /* PopupView.swift */,
				BE44762B2C17266C00ADDC59 /* HeaderView.swift */,
			);
			path = HomeViews;
			sourceTree = "<group>";
		};
		BE4476322C1A344B00ADDC59 /* AzureAIViews */ = {
			isa = PBXGroup;
			children = (
				BE4476332C1A347C00ADDC59 /* InstructionView.swift */,
				BE4476352C1A349A00ADDC59 /* CameraView.swift */,
				BE4476372C1A34BE00ADDC59 /* ImageReviewView.swift */,
				BE4476392C1A34DB00ADDC59 /* LoadingView.swift */,
				BE44763B2C1A351200ADDC59 /* ConfirmationView.swift */,
			);
			path = AzureAIViews;
			sourceTree = "<group>";
		};
/* End PBXGroup section */

/* Begin PBXNativeTarget section */
		BE028FBC2C0D360000B81352 /* iOS-MedManager */ = {
			isa = PBXNativeTarget;
			buildConfigurationList = BE028FCB2C0D360100B81352 /* Build configuration list for PBXNativeTarget "iOS-MedManager" */;
			buildPhases = (
				BE028FB92C0D360000B81352 /* Sources */,
				BE028FBA2C0D360000B81352 /* Frameworks */,
				BE028FBB2C0D360000B81352 /* Resources */,
				BE4475BE2C10861500ADDC59 /* Embed Frameworks */,
			);
			buildRules = (
			);
			dependencies = (
			);
			name = "iOS-MedManager";
			packageProductDependencies = (
				BE028FD62C0D592B00B81352 /* Alamofire */,
			);
			productName = "iOS-MedManager";
			productReference = BE028FBD2C0D360000B81352 /* iOS-MedManager.app */;
			productType = "com.apple.product-type.application";
		};
/* End PBXNativeTarget section */

/* Begin PBXProject section */
		BE028FB52C0D360000B81352 /* Project object */ = {
			isa = PBXProject;
			attributes = {
				BuildIndependentTargetsInParallel = 1;
				LastSwiftUpdateCheck = 1530;
				LastUpgradeCheck = 1530;
				TargetAttributes = {
					BE028FBC2C0D360000B81352 = {
						CreatedOnToolsVersion = 15.3;
					};
				};
			};
			buildConfigurationList = BE028FB82C0D360000B81352 /* Build configuration list for PBXProject "iOS-MedManager" */;
			compatibilityVersion = "Xcode 14.0";
			developmentRegion = en;
			hasScannedForEncodings = 0;
			knownRegions = (
				en,
				Base,
			);
			mainGroup = BE028FB42C0D360000B81352;
			packageReferences = (
				BE028FD52C0D592B00B81352 /* XCRemoteSwiftPackageReference "Alamofire" */,
			);
			productRefGroup = BE028FBE2C0D360000B81352 /* Products */;
			projectDirPath = "";
			projectRoot = "";
			targets = (
				BE028FBC2C0D360000B81352 /* iOS-MedManager */,
			);
		};
/* End PBXProject section */

/* Begin PBXResourcesBuildPhase section */
		BE028FBB2C0D360000B81352 /* Resources */ = {
			isa = PBXResourcesBuildPhase;
			buildActionMask = 2147483647;
			files = (
				BE028FEB2C10054B00B81352 /* TestImage.jpeg in Resources */,
				BE028FC82C0D360100B81352 /* Preview Assets.xcassets in Resources */,
				BE028FC52C0D360100B81352 /* Assets.xcassets in Resources */,
			);
			runOnlyForDeploymentPostprocessing = 0;
		};
/* End PBXResourcesBuildPhase section */

/* Begin PBXSourcesBuildPhase section */
		BE028FB92C0D360000B81352 /* Sources */ = {
			isa = PBXSourcesBuildPhase;
			buildActionMask = 2147483647;
			files = (
				BE028FE92C10037900B81352 /* AzureAITestView.swift in Sources */,
				BE4476312C19CA6600ADDC59 /* DatePickerPopupView.swift in Sources */,
				BE44762F2C17E23900ADDC59 /* DatePickerView.swift in Sources */,
				BE4476242C17250D00ADDC59 /* ProgressCircleView.swift in Sources */,
				BE4475C32C15835900ADDC59 /* AuthViewModel.swift in Sources */,
				BE4476342C1A347C00ADDC59 /* InstructionView.swift in Sources */,
				BE4475C92C158D0400ADDC59 /* RegisterView.swift in Sources */,
				BE028FC32C0D360000B81352 /* ContentView.swift in Sources */,
				BE4476382C1A34BE00ADDC59 /* ImageReviewView.swift in Sources */,
				BE028FDD2C0EEBA000B81352 /* MedicineAPIModel.swift in Sources */,
				BE028FDF2C0F18DD00B81352 /* AzureAIService.swift in Sources */,
				BE44762C2C17266C00ADDC59 /* HeaderView.swift in Sources */,
				BE4476202C16C36B00ADDC59 /* HomeMainViewModel.swift in Sources */,
				BE4475C52C158A6200ADDC59 /* LoginView.swift in Sources */,
				BE028FDB2C0D5CFC00B81352 /* AuthResponse.swift in Sources */,
				BE44763C2C1A351200ADDC59 /* ConfirmationView.swift in Sources */,
				BE4476262C17255100ADDC59 /* PillSectionView.swift in Sources */,
				BE4476362C1A349A00ADDC59 /* CameraView.swift in Sources */,
				BE44763A2C1A34DB00ADDC59 /* LoadingView.swift in Sources */,
				BE028FC12C0D360000B81352 /* iOS_MedManagerApp.swift in Sources */,
				BE4475D02C1598E900ADDC59 /* PrescriptionResponse.swift in Sources */,
				BE44761E2C16C34F00ADDC59 /* HomeMainView.swift in Sources */,
				BE4476222C16C37C00ADDC59 /* PillRowView.swift in Sources */,
				BE028FED2C1057E100B81352 /* ImagePicker.swift in Sources */,
				BE028FE72C0FFFB500B81352 /* AzureAIViewModel.swift in Sources */,
				BE4475CE2C1596E700ADDC59 /* AuthService.swift in Sources */,
				BE4475C72C158C5100ADDC59 /* HexColor.swift in Sources */,
				BE44761C2C16C15A00ADDC59 /* PillService.swift in Sources */,
				BE028FE52C0FFEF900B81352 /* AzureAIModel.swift in Sources */,
				BE4476282C1725A100ADDC59 /* AddPillButtonView.swift in Sources */,
				BE44762A2C1725ED00ADDC59 /* PopupView.swift in Sources */,
			);
			runOnlyForDeploymentPostprocessing = 0;
		};
/* End PBXSourcesBuildPhase section */

/* Begin XCBuildConfiguration section */
		BE028FC92C0D360100B81352 /* Debug */ = {
			isa = XCBuildConfiguration;
			buildSettings = {
				ALWAYS_SEARCH_USER_PATHS = NO;
				ASSETCATALOG_COMPILER_GENERATE_SWIFT_ASSET_SYMBOL_EXTENSIONS = YES;
				CLANG_ANALYZER_NONNULL = YES;
				CLANG_ANALYZER_NUMBER_OBJECT_CONVERSION = YES_AGGRESSIVE;
				CLANG_CXX_LANGUAGE_STANDARD = "gnu++20";
				CLANG_ENABLE_MODULES = YES;
				CLANG_ENABLE_OBJC_ARC = YES;
				CLANG_ENABLE_OBJC_WEAK = YES;
				CLANG_WARN_BLOCK_CAPTURE_AUTORELEASING = YES;
				CLANG_WARN_BOOL_CONVERSION = YES;
				CLANG_WARN_COMMA = YES;
				CLANG_WARN_CONSTANT_CONVERSION = YES;
				CLANG_WARN_DEPRECATED_OBJC_IMPLEMENTATIONS = YES;
				CLANG_WARN_DIRECT_OBJC_ISA_USAGE = YES_ERROR;
				CLANG_WARN_DOCUMENTATION_COMMENTS = YES;
				CLANG_WARN_EMPTY_BODY = YES;
				CLANG_WARN_ENUM_CONVERSION = YES;
				CLANG_WARN_INFINITE_RECURSION = YES;
				CLANG_WARN_INT_CONVERSION = YES;
				CLANG_WARN_NON_LITERAL_NULL_CONVERSION = YES;
				CLANG_WARN_OBJC_IMPLICIT_RETAIN_SELF = YES;
				CLANG_WARN_OBJC_LITERAL_CONVERSION = YES;
				CLANG_WARN_OBJC_ROOT_CLASS = YES_ERROR;
				CLANG_WARN_QUOTED_INCLUDE_IN_FRAMEWORK_HEADER = YES;
				CLANG_WARN_RANGE_LOOP_ANALYSIS = YES;
				CLANG_WARN_STRICT_PROTOTYPES = YES;
				CLANG_WARN_SUSPICIOUS_MOVE = YES;
				CLANG_WARN_UNGUARDED_AVAILABILITY = YES_AGGRESSIVE;
				CLANG_WARN_UNREACHABLE_CODE = YES;
				CLANG_WARN__DUPLICATE_METHOD_MATCH = YES;
				COPY_PHASE_STRIP = NO;
				DEBUG_INFORMATION_FORMAT = dwarf;
				ENABLE_STRICT_OBJC_MSGSEND = YES;
				ENABLE_TESTABILITY = YES;
				ENABLE_USER_SCRIPT_SANDBOXING = YES;
				GCC_C_LANGUAGE_STANDARD = gnu17;
				GCC_DYNAMIC_NO_PIC = NO;
				GCC_NO_COMMON_BLOCKS = YES;
				GCC_OPTIMIZATION_LEVEL = 0;
				GCC_PREPROCESSOR_DEFINITIONS = (
					"DEBUG=1",
					"$(inherited)",
				);
				GCC_WARN_64_TO_32_BIT_CONVERSION = YES;
				GCC_WARN_ABOUT_RETURN_TYPE = YES_ERROR;
				GCC_WARN_UNDECLARED_SELECTOR = YES;
				GCC_WARN_UNINITIALIZED_AUTOS = YES_AGGRESSIVE;
				GCC_WARN_UNUSED_FUNCTION = YES;
				GCC_WARN_UNUSED_VARIABLE = YES;
				IPHONEOS_DEPLOYMENT_TARGET = 17.4;
				LOCALIZATION_PREFERS_STRING_CATALOGS = YES;
				MTL_ENABLE_DEBUG_INFO = INCLUDE_SOURCE;
				MTL_FAST_MATH = YES;
				ONLY_ACTIVE_ARCH = YES;
				SDKROOT = iphoneos;
				SWIFT_ACTIVE_COMPILATION_CONDITIONS = "DEBUG $(inherited)";
				SWIFT_OPTIMIZATION_LEVEL = "-Onone";
			};
			name = Debug;
		};
		BE028FCA2C0D360100B81352 /* Release */ = {
			isa = XCBuildConfiguration;
			buildSettings = {
				ALWAYS_SEARCH_USER_PATHS = NO;
				ASSETCATALOG_COMPILER_GENERATE_SWIFT_ASSET_SYMBOL_EXTENSIONS = YES;
				CLANG_ANALYZER_NONNULL = YES;
				CLANG_ANALYZER_NUMBER_OBJECT_CONVERSION = YES_AGGRESSIVE;
				CLANG_CXX_LANGUAGE_STANDARD = "gnu++20";
				CLANG_ENABLE_MODULES = YES;
				CLANG_ENABLE_OBJC_ARC = YES;
				CLANG_ENABLE_OBJC_WEAK = YES;
				CLANG_WARN_BLOCK_CAPTURE_AUTORELEASING = YES;
				CLANG_WARN_BOOL_CONVERSION = YES;
				CLANG_WARN_COMMA = YES;
				CLANG_WARN_CONSTANT_CONVERSION = YES;
				CLANG_WARN_DEPRECATED_OBJC_IMPLEMENTATIONS = YES;
				CLANG_WARN_DIRECT_OBJC_ISA_USAGE = YES_ERROR;
				CLANG_WARN_DOCUMENTATION_COMMENTS = YES;
				CLANG_WARN_EMPTY_BODY = YES;
				CLANG_WARN_ENUM_CONVERSION = YES;
				CLANG_WARN_INFINITE_RECURSION = YES;
				CLANG_WARN_INT_CONVERSION = YES;
				CLANG_WARN_NON_LITERAL_NULL_CONVERSION = YES;
				CLANG_WARN_OBJC_IMPLICIT_RETAIN_SELF = YES;
				CLANG_WARN_OBJC_LITERAL_CONVERSION = YES;
				CLANG_WARN_OBJC_ROOT_CLASS = YES_ERROR;
				CLANG_WARN_QUOTED_INCLUDE_IN_FRAMEWORK_HEADER = YES;
				CLANG_WARN_RANGE_LOOP_ANALYSIS = YES;
				CLANG_WARN_STRICT_PROTOTYPES = YES;
				CLANG_WARN_SUSPICIOUS_MOVE = YES;
				CLANG_WARN_UNGUARDED_AVAILABILITY = YES_AGGRESSIVE;
				CLANG_WARN_UNREACHABLE_CODE = YES;
				CLANG_WARN__DUPLICATE_METHOD_MATCH = YES;
				COPY_PHASE_STRIP = NO;
				DEBUG_INFORMATION_FORMAT = "dwarf-with-dsym";
				ENABLE_NS_ASSERTIONS = NO;
				ENABLE_STRICT_OBJC_MSGSEND = YES;
				ENABLE_USER_SCRIPT_SANDBOXING = YES;
				GCC_C_LANGUAGE_STANDARD = gnu17;
				GCC_NO_COMMON_BLOCKS = YES;
				GCC_WARN_64_TO_32_BIT_CONVERSION = YES;
				GCC_WARN_ABOUT_RETURN_TYPE = YES_ERROR;
				GCC_WARN_UNDECLARED_SELECTOR = YES;
				GCC_WARN_UNINITIALIZED_AUTOS = YES_AGGRESSIVE;
				GCC_WARN_UNUSED_FUNCTION = YES;
				GCC_WARN_UNUSED_VARIABLE = YES;
				IPHONEOS_DEPLOYMENT_TARGET = 17.4;
				LOCALIZATION_PREFERS_STRING_CATALOGS = YES;
				MTL_ENABLE_DEBUG_INFO = NO;
				MTL_FAST_MATH = YES;
				SDKROOT = iphoneos;
				SWIFT_COMPILATION_MODE = wholemodule;
				VALIDATE_PRODUCT = YES;
			};
			name = Release;
		};
		BE028FCC2C0D360100B81352 /* Debug */ = {
			isa = XCBuildConfiguration;
			buildSettings = {
				ASSETCATALOG_COMPILER_APPICON_NAME = AppIcon;
				ASSETCATALOG_COMPILER_GLOBAL_ACCENT_COLOR_NAME = AccentColor;
				CODE_SIGN_STYLE = Automatic;
				CURRENT_PROJECT_VERSION = 1;
				DEVELOPMENT_ASSET_PATHS = "\"iOS-MedManager/Preview Content\"";
				DEVELOPMENT_TEAM = L2NAN5CVVD;
				ENABLE_PREVIEWS = YES;
				GENERATE_INFOPLIST_FILE = YES;
				INFOPLIST_FILE = "iOS-MedManager/Info.plist";
				INFOPLIST_KEY_NSCameraUsageDescription = "카메라 접근";
				INFOPLIST_KEY_NSPhotoLibraryUsageDescription = "앨범 접근";
				INFOPLIST_KEY_UIApplicationSceneManifest_Generation = YES;
				INFOPLIST_KEY_UIApplicationSupportsIndirectInputEvents = YES;
				INFOPLIST_KEY_UILaunchScreen_Generation = YES;
				INFOPLIST_KEY_UISupportedInterfaceOrientations_iPad = "UIInterfaceOrientationPortrait UIInterfaceOrientationPortraitUpsideDown UIInterfaceOrientationLandscapeLeft UIInterfaceOrientationLandscapeRight";
				INFOPLIST_KEY_UISupportedInterfaceOrientations_iPhone = "UIInterfaceOrientationPortrait UIInterfaceOrientationLandscapeLeft UIInterfaceOrientationLandscapeRight";
				LD_RUNPATH_SEARCH_PATHS = (
					"$(inherited)",
					"@executable_path/Frameworks",
				);
				MARKETING_VERSION = 1.0;
				PRODUCT_BUNDLE_IDENTIFIER = "sion.iOS-MedManager";
				PRODUCT_NAME = "$(TARGET_NAME)";
				SWIFT_EMIT_LOC_STRINGS = YES;
				SWIFT_VERSION = 5.0;
				TARGETED_DEVICE_FAMILY = "1,2";
			};
			name = Debug;
		};
		BE028FCD2C0D360100B81352 /* Release */ = {
			isa = XCBuildConfiguration;
			buildSettings = {
				ASSETCATALOG_COMPILER_APPICON_NAME = AppIcon;
				ASSETCATALOG_COMPILER_GLOBAL_ACCENT_COLOR_NAME = AccentColor;
				CODE_SIGN_STYLE = Automatic;
				CURRENT_PROJECT_VERSION = 1;
				DEVELOPMENT_ASSET_PATHS = "\"iOS-MedManager/Preview Content\"";
				DEVELOPMENT_TEAM = L2NAN5CVVD;
				ENABLE_PREVIEWS = YES;
				GENERATE_INFOPLIST_FILE = YES;
				INFOPLIST_FILE = "iOS-MedManager/Info.plist";
				INFOPLIST_KEY_NSCameraUsageDescription = "카메라 접근";
				INFOPLIST_KEY_NSPhotoLibraryUsageDescription = "앨범 접근";
				INFOPLIST_KEY_UIApplicationSceneManifest_Generation = YES;
				INFOPLIST_KEY_UIApplicationSupportsIndirectInputEvents = YES;
				INFOPLIST_KEY_UILaunchScreen_Generation = YES;
				INFOPLIST_KEY_UISupportedInterfaceOrientations_iPad = "UIInterfaceOrientationPortrait UIInterfaceOrientationPortraitUpsideDown UIInterfaceOrientationLandscapeLeft UIInterfaceOrientationLandscapeRight";
				INFOPLIST_KEY_UISupportedInterfaceOrientations_iPhone = "UIInterfaceOrientationPortrait UIInterfaceOrientationLandscapeLeft UIInterfaceOrientationLandscapeRight";
				LD_RUNPATH_SEARCH_PATHS = (
					"$(inherited)",
					"@executable_path/Frameworks",
				);
				MARKETING_VERSION = 1.0;
				PRODUCT_BUNDLE_IDENTIFIER = "sion.iOS-MedManager";
				PRODUCT_NAME = "$(TARGET_NAME)";
				SWIFT_EMIT_LOC_STRINGS = YES;
				SWIFT_VERSION = 5.0;
				TARGETED_DEVICE_FAMILY = "1,2";
			};
			name = Release;
		};
/* End XCBuildConfiguration section */

/* Begin XCConfigurationList section */
		BE028FB82C0D360000B81352 /* Build configuration list for PBXProject "iOS-MedManager" */ = {
			isa = XCConfigurationList;
			buildConfigurations = (
				BE028FC92C0D360100B81352 /* Debug */,
				BE028FCA2C0D360100B81352 /* Release */,
			);
			defaultConfigurationIsVisible = 0;
			defaultConfigurationName = Release;
		};
		BE028FCB2C0D360100B81352 /* Build configuration list for PBXNativeTarget "iOS-MedManager" */ = {
			isa = XCConfigurationList;
			buildConfigurations = (
				BE028FCC2C0D360100B81352 /* Debug */,
				BE028FCD2C0D360100B81352 /* Release */,
			);
			defaultConfigurationIsVisible = 0;
			defaultConfigurationName = Release;
		};
/* End XCConfigurationList section */

/* Begin XCRemoteSwiftPackageReference section */
		BE028FD52C0D592B00B81352 /* XCRemoteSwiftPackageReference "Alamofire" */ = {
			isa = XCRemoteSwiftPackageReference;
			repositoryURL = "https://github.com/Alamofire/Alamofire.git";
			requirement = {
				kind = upToNextMajorVersion;
				minimumVersion = 5.9.1;
			};
		};
/* End XCRemoteSwiftPackageReference section */

/* Begin XCSwiftPackageProductDependency section */
		BE028FD62C0D592B00B81352 /* Alamofire */ = {
			isa = XCSwiftPackageProductDependency;
			package = BE028FD52C0D592B00B81352 /* XCRemoteSwiftPackageReference "Alamofire" */;
			productName = Alamofire;
		};
/* End XCSwiftPackageProductDependency section */
	};
	rootObject = BE028FB52C0D360000B81352 /* Project object */;
}
